PODS:
  - Alamofire (4.9.1)
  - IQKeyboardManagerSwift (6.5.4)
  - Kingfisher (5.12.0):
    - Kingfisher/Core (= 5.12.0)
  - Kingfisher/Core (5.12.0)
  - ReachabilitySwift (5.0.0)
  - SwiftyJSON (5.0.0)

DEPENDENCIES:
  - Alamofire
  - IQKeyboardManagerSwift
  - Kingfisher
  - ReachabilitySwift
  - SwiftyJSON

SPEC REPOS:
  trunk:
    - Alamofire
    - IQKeyboardManagerSwift
    - Kingfisher
    - ReachabilitySwift
    - SwiftyJSON

SPEC CHECKSUMS:
  Alamofire: 85e8a02c69d6020a0d734f6054870d7ecb75cf18
  IQKeyboardManagerSwift: 2dde0fc70110e8eac7ccce2a46fdbec6a850b414
  Kingfisher: dc6e0f53bb5b12c3e75bedb0e01bbd7a640eea69
  ReachabilitySwift: 985039c6f7b23a1da463388634119492ff86c825
  SwiftyJSON: 36413e04c44ee145039d332b4f4e2d3e8d6c4db7

PODFILE CHECKSUM: 00fac5597e8fe55a446614c6a126adb5ca852ecb

COCOAPODS: 1.8.4
