// !$*UTF8*$!
{
	archiveVersion = 1;
	classes = {
	};
	objectVersion = 51;
	objects = {

/* Begin PBXBuildFile section */
		3C350BB404E36B8E787A5B6F /* Pods_Repoush.framework in Frameworks */ = {isa = PBXBuildFile; fileRef = 1675C8E0B3B284620C8FED5F /* Pods_Repoush.framework */; };
		600316E723D8C01200674E8C /* Assets.xcassets in Resources */ = {isa = PBXBuildFile; fileRef = 600316E623D8C01200674E8C /* Assets.xcassets */; };
		600316EA23D8C01200674E8C /* LaunchScreen.storyboard in Resources */ = {isa = PBXBuildFile; fileRef = 600316E823D8C01200674E8C /* LaunchScreen.storyboard */; };
		6003172423D8C18600674E8C /* ApiConstants.swift in Sources */ = {isa = PBXBuildFile; fileRef = 600316F423D8C18600674E8C /* ApiConstants.swift */; };
		6003172523D8C18600674E8C /* Networking.swift in Sources */ = {isa = PBXBuildFile; fileRef = 600316F523D8C18600674E8C /* Networking.swift */; };
		6003172623D8C18600674E8C /* LoggedInUser.swift in Sources */ = {isa = PBXBuildFile; fileRef = 600316F723D8C18600674E8C /* LoggedInUser.swift */; };
		6003172723D8C18600674E8C /* AppDelegate.swift in Sources */ = {isa = PBXBuildFile; fileRef = 600316FC23D8C18600674E8C /* AppDelegate.swift */; };
		6003172823D8C18600674E8C /* Util.swift in Sources */ = {isa = PBXBuildFile; fileRef = 600316FF23D8C18600674E8C /* Util.swift */; };
		6003172923D8C18600674E8C /* CustomView.swift in Sources */ = {isa = PBXBuildFile; fileRef = 6003170123D8C18600674E8C /* CustomView.swift */; };
		6003172A23D8C18600674E8C /* CustomButton.swift in Sources */ = {isa = PBXBuildFile; fileRef = 6003170223D8C18600674E8C /* CustomButton.swift */; };
		6003172B23D8C18700674E8C /* CustomTextField.swift in Sources */ = {isa = PBXBuildFile; fileRef = 6003170323D8C18600674E8C /* CustomTextField.swift */; };
		6003172C23D8C18700674E8C /* CustomImageView.swift in Sources */ = {isa = PBXBuildFile; fileRef = 6003170423D8C18600674E8C /* CustomImageView.swift */; };
		6003172D23D8C18700674E8C /* CustomTextview.swift in Sources */ = {isa = PBXBuildFile; fileRef = 6003170523D8C18600674E8C /* CustomTextview.swift */; };
		6003172E23D8C18700674E8C /* CustomLabel.swift in Sources */ = {isa = PBXBuildFile; fileRef = 6003170623D8C18600674E8C /* CustomLabel.swift */; };
		6003172F23D8C18700674E8C /* ButtonDynamicText.swift in Sources */ = {isa = PBXBuildFile; fileRef = 6003170923D8C18600674E8C /* ButtonDynamicText.swift */; };
		6003173023D8C18700674E8C /* LabelDynamicText.swift in Sources */ = {isa = PBXBuildFile; fileRef = 6003170A23D8C18600674E8C /* LabelDynamicText.swift */; };
		6003173123D8C18700674E8C /* DeviceType.swift in Sources */ = {isa = PBXBuildFile; fileRef = 6003170B23D8C18600674E8C /* DeviceType.swift */; };
		6003173223D8C18700674E8C /* TextFieldDynamicText.swift in Sources */ = {isa = PBXBuildFile; fileRef = 6003170C23D8C18600674E8C /* TextFieldDynamicText.swift */; };
		6003173323D8C18700674E8C /* Custom+UIView.swift in Sources */ = {isa = PBXBuildFile; fileRef = 6003170D23D8C18600674E8C /* Custom+UIView.swift */; };
		6003173423D8C18700674E8C /* Constant.swift in Sources */ = {isa = PBXBuildFile; fileRef = 6003170F23D8C18600674E8C /* Constant.swift */; };
		6003173523D8C18700674E8C /* STSubmitLoading.swift in Sources */ = {isa = PBXBuildFile; fileRef = 6003171323D8C18600674E8C /* STSubmitLoading.swift */; };
		6003173623D8C18700674E8C /* STLoadingGroup.swift in Sources */ = {isa = PBXBuildFile; fileRef = 6003171423D8C18600674E8C /* STLoadingGroup.swift */; };
		6003173723D8C18700674E8C /* STLoadingable.swift in Sources */ = {isa = PBXBuildFile; fileRef = 6003171523D8C18600674E8C /* STLoadingable.swift */; };
		6003173923D8C18700674E8C /* Montserrat-Medium.ttf in Resources */ = {isa = PBXBuildFile; fileRef = 6003171A23D8C18600674E8C /* Montserrat-Medium.ttf */; };
		6003173A23D8C18700674E8C /* Montserrat-BoldItalic.ttf in Resources */ = {isa = PBXBuildFile; fileRef = 6003171B23D8C18600674E8C /* Montserrat-BoldItalic.ttf */; };
		6003173B23D8C18700674E8C /* Montserrat-Light.ttf in Resources */ = {isa = PBXBuildFile; fileRef = 6003171C23D8C18600674E8C /* Montserrat-Light.ttf */; };
		6003173C23D8C18700674E8C /* Montserrat-ExtraLight.ttf in Resources */ = {isa = PBXBuildFile; fileRef = 6003171D23D8C18600674E8C /* Montserrat-ExtraLight.ttf */; };
		6003173D23D8C18700674E8C /* Montserrat-Thin.ttf in Resources */ = {isa = PBXBuildFile; fileRef = 6003171E23D8C18600674E8C /* Montserrat-Thin.ttf */; };
		6003173E23D8C18700674E8C /* Montserrat-Bold.ttf in Resources */ = {isa = PBXBuildFile; fileRef = 6003171F23D8C18600674E8C /* Montserrat-Bold.ttf */; };
		6003173F23D8C18700674E8C /* Montserrat-SemiBold.ttf in Resources */ = {isa = PBXBuildFile; fileRef = 6003172023D8C18600674E8C /* Montserrat-SemiBold.ttf */; };
		6003174023D8C18700674E8C /* Montserrat-ExtraBold.ttf in Resources */ = {isa = PBXBuildFile; fileRef = 6003172123D8C18600674E8C /* Montserrat-ExtraBold.ttf */; };
		6003174123D8C18700674E8C /* Montserrat-Black.ttf in Resources */ = {isa = PBXBuildFile; fileRef = 6003172223D8C18600674E8C /* Montserrat-Black.ttf */; };
		6003174223D8C18700674E8C /* Montserrat-Regular.ttf in Resources */ = {isa = PBXBuildFile; fileRef = 6003172323D8C18600674E8C /* Montserrat-Regular.ttf */; };
		6003174823D8C48C00674E8C /* SplashVC.swift in Sources */ = {isa = PBXBuildFile; fileRef = 6003174723D8C48C00674E8C /* SplashVC.swift */; };
		6003174A23D8C4A300674E8C /* WelcomeVC.swift in Sources */ = {isa = PBXBuildFile; fileRef = 6003174923D8C4A300674E8C /* WelcomeVC.swift */; };
		6003174C23D9FD2300674E8C /* SignUpVC.swift in Sources */ = {isa = PBXBuildFile; fileRef = 6003174B23D9FD2300674E8C /* SignUpVC.swift */; };
		6003174E23D9FD3700674E8C /* LoginVC.swift in Sources */ = {isa = PBXBuildFile; fileRef = 6003174D23D9FD3700674E8C /* LoginVC.swift */; };
		6003175223DB542D00674E8C /* TabBarVC.swift in Sources */ = {isa = PBXBuildFile; fileRef = 6003175123DB542D00674E8C /* TabBarVC.swift */; };
		6003175623DB622700674E8C /* HomeVC.swift in Sources */ = {isa = PBXBuildFile; fileRef = 6003175523DB622700674E8C /* HomeVC.swift */; };
		6003175823DB67AB00674E8C /* PostCell.swift in Sources */ = {isa = PBXBuildFile; fileRef = 6003175723DB67AB00674E8C /* PostCell.swift */; };
		6003175B23DC159900674E8C /* AddPostVC.swift in Sources */ = {isa = PBXBuildFile; fileRef = 6003175A23DC159900674E8C /* AddPostVC.swift */; };
		6003175D23DC15CF00674E8C /* CategoryCell.swift in Sources */ = {isa = PBXBuildFile; fileRef = 6003175C23DC15CF00674E8C /* CategoryCell.swift */; };
		6003176023DC2F9300674E8C /* MyAuctionVC.swift in Sources */ = {isa = PBXBuildFile; fileRef = 6003175F23DC2F9300674E8C /* MyAuctionVC.swift */; };
		6003176E23EDE22A00674E8C /* AuctionCell.swift in Sources */ = {isa = PBXBuildFile; fileRef = 6003176D23EDE22A00674E8C /* AuctionCell.swift */; };
		6011D585241ABC0A00477554 /* Localizable.strings in Resources */ = {isa = PBXBuildFile; fileRef = 6011D587241ABC0A00477554 /* Localizable.strings */; };
		6011D58B241AC04A00477554 /* LanguageManger.swift in Sources */ = {isa = PBXBuildFile; fileRef = 6011D58A241AC04A00477554 /* LanguageManger.swift */; };
		6011D58F241BC82900477554 /* LocalizedTextField.swift in Sources */ = {isa = PBXBuildFile; fileRef = 6011D58E241BC82900477554 /* LocalizedTextField.swift */; };
		6011D599241D249F00477554 /* LocalizedButton.swift in Sources */ = {isa = PBXBuildFile; fileRef = 6011D598241D249F00477554 /* LocalizedButton.swift */; };
		6011D59B241D2B4200477554 /* UserLanguage.swift in Sources */ = {isa = PBXBuildFile; fileRef = 6011D59A241D2B4200477554 /* UserLanguage.swift */; };
		6011D59D241E0CA300477554 /* LocalizedTF.swift in Sources */ = {isa = PBXBuildFile; fileRef = 6011D59C241E0CA300477554 /* LocalizedTF.swift */; };
		602ACAAF241ABAE0002D0886 /* Home.storyboard in Resources */ = {isa = PBXBuildFile; fileRef = 602ACAAD241ABAE0002D0886 /* Home.storyboard */; };
		602ACAB2241ABAEB002D0886 /* Main.storyboard in Resources */ = {isa = PBXBuildFile; fileRef = 602ACAB0241ABAEA002D0886 /* Main.storyboard */; };
		602FEEA924063313000CBDE1 /* ProductDetailVC.swift in Sources */ = {isa = PBXBuildFile; fileRef = 602FEEA824063313000CBDE1 /* ProductDetailVC.swift */; };
		602FEEAB2406332B000CBDE1 /* SellerProfileVC.swift in Sources */ = {isa = PBXBuildFile; fileRef = 602FEEAA2406332B000CBDE1 /* SellerProfileVC.swift */; };
		602FEEAD24063340000CBDE1 /* EditProfileVC.swift in Sources */ = {isa = PBXBuildFile; fileRef = 602FEEAC24063340000CBDE1 /* EditProfileVC.swift */; };
		602FEEAF240634CB000CBDE1 /* ProductImageCell.swift in Sources */ = {isa = PBXBuildFile; fileRef = 602FEEAE240634CB000CBDE1 /* ProductImageCell.swift */; };
		602FEEB12406F06B000CBDE1 /* SizeCell.swift in Sources */ = {isa = PBXBuildFile; fileRef = 602FEEB02406F06B000CBDE1 /* SizeCell.swift */; };
		6030223E240AE8FB00FFDF53 /* ChangePasswordVC.swift in Sources */ = {isa = PBXBuildFile; fileRef = 6030223D240AE8FB00FFDF53 /* ChangePasswordVC.swift */; };
		60302240240AE90D00FFDF53 /* TermsPrivacyVC.swift in Sources */ = {isa = PBXBuildFile; fileRef = 6030223F240AE90D00FFDF53 /* TermsPrivacyVC.swift */; };
		60302242240AE91E00FFDF53 /* ReportVC.swift in Sources */ = {isa = PBXBuildFile; fileRef = 60302241240AE91E00FFDF53 /* ReportVC.swift */; };
		60302244240AEDF800FFDF53 /* ForgotPasswordVC.swift in Sources */ = {isa = PBXBuildFile; fileRef = 60302243240AEDF800FFDF53 /* ForgotPasswordVC.swift */; };
		60302246240AEE0B00FFDF53 /* NewPasswordVC.swift in Sources */ = {isa = PBXBuildFile; fileRef = 60302245240AEE0B00FFDF53 /* NewPasswordVC.swift */; };
		60302248240BB49100FFDF53 /* NotificationVC.swift in Sources */ = {isa = PBXBuildFile; fileRef = 60302247240BB49100FFDF53 /* NotificationVC.swift */; };
		6030224A240BB7B500FFDF53 /* NotificationCell.swift in Sources */ = {isa = PBXBuildFile; fileRef = 60302249240BB7B500FFDF53 /* NotificationCell.swift */; };
		6030224C240C3BB100FFDF53 /* ReviewCell.swift in Sources */ = {isa = PBXBuildFile; fileRef = 6030224B240C3BB100FFDF53 /* ReviewCell.swift */; };
		6030224E240EDFCA00FFDF53 /* FilterVC.swift in Sources */ = {isa = PBXBuildFile; fileRef = 6030224D240EDFCA00FFDF53 /* FilterVC.swift */; };
		60302250240EE7DB00FFDF53 /* FilterCell.swift in Sources */ = {isa = PBXBuildFile; fileRef = 6030224F240EE7DB00FFDF53 /* FilterCell.swift */; };
		60C2E88823EDEC61003D0D28 /* ProfileVC.swift in Sources */ = {isa = PBXBuildFile; fileRef = 60C2E88723EDEC61003D0D28 /* ProfileVC.swift */; };
		60C2E88A23EDEC77003D0D28 /* SettingVC.swift in Sources */ = {isa = PBXBuildFile; fileRef = 60C2E88923EDEC77003D0D28 /* SettingVC.swift */; };
		60C2E88C23EDECDC003D0D28 /* SettingCell.swift in Sources */ = {isa = PBXBuildFile; fileRef = 60C2E88B23EDECDC003D0D28 /* SettingCell.swift */; };
		B7288D1D24096F0000470420 /* AllBidVC.swift in Sources */ = {isa = PBXBuildFile; fileRef = B7288D1C24096F0000470420 /* AllBidVC.swift */; };
		B7288D1F2409703100470420 /* AllBidCell.swift in Sources */ = {isa = PBXBuildFile; fileRef = B7288D1E2409703100470420 /* AllBidCell.swift */; };
/* End PBXBuildFile section */

/* Begin PBXFileReference section */
		1675C8E0B3B284620C8FED5F /* Pods_Repoush.framework */ = {isa = PBXFileReference; explicitFileType = wrapper.framework; includeInIndex = 0; path = Pods_Repoush.framework; sourceTree = BUILT_PRODUCTS_DIR; };
		600316DC23D8C01000674E8C /* Repoush.app */ = {isa = PBXFileReference; explicitFileType = wrapper.application; includeInIndex = 0; path = Repoush.app; sourceTree = BUILT_PRODUCTS_DIR; };
		600316E623D8C01200674E8C /* Assets.xcassets */ = {isa = PBXFileReference; lastKnownFileType = folder.assetcatalog; path = Assets.xcassets; sourceTree = "<group>"; };
		600316E923D8C01200674E8C /* Base */ = {isa = PBXFileReference; lastKnownFileType = file.storyboard; name = Base; path = Base.lproj/LaunchScreen.storyboard; sourceTree = "<group>"; };
		600316EB23D8C01200674E8C /* Info.plist */ = {isa = PBXFileReference; lastKnownFileType = text.plist.xml; path = Info.plist; sourceTree = "<group>"; };
		600316F423D8C18600674E8C /* ApiConstants.swift */ = {isa = PBXFileReference; fileEncoding = 4; lastKnownFileType = sourcecode.swift; path = ApiConstants.swift; sourceTree = "<group>"; };
		600316F523D8C18600674E8C /* Networking.swift */ = {isa = PBXFileReference; fileEncoding = 4; lastKnownFileType = sourcecode.swift; path = Networking.swift; sourceTree = "<group>"; };
		600316F723D8C18600674E8C /* LoggedInUser.swift */ = {isa = PBXFileReference; fileEncoding = 4; lastKnownFileType = sourcecode.swift; path = LoggedInUser.swift; sourceTree = "<group>"; };
		600316FC23D8C18600674E8C /* AppDelegate.swift */ = {isa = PBXFileReference; fileEncoding = 4; lastKnownFileType = sourcecode.swift; path = AppDelegate.swift; sourceTree = "<group>"; };
		600316FF23D8C18600674E8C /* Util.swift */ = {isa = PBXFileReference; fileEncoding = 4; lastKnownFileType = sourcecode.swift; path = Util.swift; sourceTree = "<group>"; };
		6003170123D8C18600674E8C /* CustomView.swift */ = {isa = PBXFileReference; fileEncoding = 4; lastKnownFileType = sourcecode.swift; path = CustomView.swift; sourceTree = "<group>"; };
		6003170223D8C18600674E8C /* CustomButton.swift */ = {isa = PBXFileReference; fileEncoding = 4; lastKnownFileType = sourcecode.swift; path = CustomButton.swift; sourceTree = "<group>"; };
		6003170323D8C18600674E8C /* CustomTextField.swift */ = {isa = PBXFileReference; fileEncoding = 4; lastKnownFileType = sourcecode.swift; path = CustomTextField.swift; sourceTree = "<group>"; };
		6003170423D8C18600674E8C /* CustomImageView.swift */ = {isa = PBXFileReference; fileEncoding = 4; lastKnownFileType = sourcecode.swift; path = CustomImageView.swift; sourceTree = "<group>"; };
		6003170523D8C18600674E8C /* CustomTextview.swift */ = {isa = PBXFileReference; fileEncoding = 4; lastKnownFileType = sourcecode.swift; path = CustomTextview.swift; sourceTree = "<group>"; };
		6003170623D8C18600674E8C /* CustomLabel.swift */ = {isa = PBXFileReference; fileEncoding = 4; lastKnownFileType = sourcecode.swift; path = CustomLabel.swift; sourceTree = "<group>"; };
		6003170923D8C18600674E8C /* ButtonDynamicText.swift */ = {isa = PBXFileReference; fileEncoding = 4; lastKnownFileType = sourcecode.swift; path = ButtonDynamicText.swift; sourceTree = "<group>"; };
		6003170A23D8C18600674E8C /* LabelDynamicText.swift */ = {isa = PBXFileReference; fileEncoding = 4; lastKnownFileType = sourcecode.swift; path = LabelDynamicText.swift; sourceTree = "<group>"; };
		6003170B23D8C18600674E8C /* DeviceType.swift */ = {isa = PBXFileReference; fileEncoding = 4; lastKnownFileType = sourcecode.swift; path = DeviceType.swift; sourceTree = "<group>"; };
		6003170C23D8C18600674E8C /* TextFieldDynamicText.swift */ = {isa = PBXFileReference; fileEncoding = 4; lastKnownFileType = sourcecode.swift; path = TextFieldDynamicText.swift; sourceTree = "<group>"; };
		6003170D23D8C18600674E8C /* Custom+UIView.swift */ = {isa = PBXFileReference; fileEncoding = 4; lastKnownFileType = sourcecode.swift; path = "Custom+UIView.swift"; sourceTree = "<group>"; };
		6003170F23D8C18600674E8C /* Constant.swift */ = {isa = PBXFileReference; fileEncoding = 4; lastKnownFileType = sourcecode.swift; path = Constant.swift; sourceTree = "<group>"; };
		6003171323D8C18600674E8C /* STSubmitLoading.swift */ = {isa = PBXFileReference; fileEncoding = 4; lastKnownFileType = sourcecode.swift; path = STSubmitLoading.swift; sourceTree = "<group>"; };
		6003171423D8C18600674E8C /* STLoadingGroup.swift */ = {isa = PBXFileReference; fileEncoding = 4; lastKnownFileType = sourcecode.swift; path = STLoadingGroup.swift; sourceTree = "<group>"; };
		6003171523D8C18600674E8C /* STLoadingable.swift */ = {isa = PBXFileReference; fileEncoding = 4; lastKnownFileType = sourcecode.swift; path = STLoadingable.swift; sourceTree = "<group>"; };
		6003171A23D8C18600674E8C /* Montserrat-Medium.ttf */ = {isa = PBXFileReference; lastKnownFileType = file; path = "Montserrat-Medium.ttf"; sourceTree = "<group>"; };
		6003171B23D8C18600674E8C /* Montserrat-BoldItalic.ttf */ = {isa = PBXFileReference; lastKnownFileType = file; path = "Montserrat-BoldItalic.ttf"; sourceTree = "<group>"; };
		6003171C23D8C18600674E8C /* Montserrat-Light.ttf */ = {isa = PBXFileReference; lastKnownFileType = file; path = "Montserrat-Light.ttf"; sourceTree = "<group>"; };
		6003171D23D8C18600674E8C /* Montserrat-ExtraLight.ttf */ = {isa = PBXFileReference; lastKnownFileType = file; path = "Montserrat-ExtraLight.ttf"; sourceTree = "<group>"; };
		6003171E23D8C18600674E8C /* Montserrat-Thin.ttf */ = {isa = PBXFileReference; lastKnownFileType = file; path = "Montserrat-Thin.ttf"; sourceTree = "<group>"; };
		6003171F23D8C18600674E8C /* Montserrat-Bold.ttf */ = {isa = PBXFileReference; lastKnownFileType = file; path = "Montserrat-Bold.ttf"; sourceTree = "<group>"; };
		6003172023D8C18600674E8C /* Montserrat-SemiBold.ttf */ = {isa = PBXFileReference; lastKnownFileType = file; path = "Montserrat-SemiBold.ttf"; sourceTree = "<group>"; };
		6003172123D8C18600674E8C /* Montserrat-ExtraBold.ttf */ = {isa = PBXFileReference; lastKnownFileType = file; path = "Montserrat-ExtraBold.ttf"; sourceTree = "<group>"; };
		6003172223D8C18600674E8C /* Montserrat-Black.ttf */ = {isa = PBXFileReference; lastKnownFileType = file; path = "Montserrat-Black.ttf"; sourceTree = "<group>"; };
		6003172323D8C18600674E8C /* Montserrat-Regular.ttf */ = {isa = PBXFileReference; lastKnownFileType = file; path = "Montserrat-Regular.ttf"; sourceTree = "<group>"; };
		6003174323D8C1D800674E8C /* Repoush-Bridging-Header.h */ = {isa = PBXFileReference; lastKnownFileType = sourcecode.c.h; path = "Repoush-Bridging-Header.h"; sourceTree = "<group>"; };
		6003174723D8C48C00674E8C /* SplashVC.swift */ = {isa = PBXFileReference; lastKnownFileType = sourcecode.swift; path = SplashVC.swift; sourceTree = "<group>"; };
		6003174923D8C4A300674E8C /* WelcomeVC.swift */ = {isa = PBXFileReference; lastKnownFileType = sourcecode.swift; path = WelcomeVC.swift; sourceTree = "<group>"; };
		6003174B23D9FD2300674E8C /* SignUpVC.swift */ = {isa = PBXFileReference; lastKnownFileType = sourcecode.swift; path = SignUpVC.swift; sourceTree = "<group>"; };
		6003174D23D9FD3700674E8C /* LoginVC.swift */ = {isa = PBXFileReference; lastKnownFileType = sourcecode.swift; path = LoginVC.swift; sourceTree = "<group>"; };
		6003175123DB542D00674E8C /* TabBarVC.swift */ = {isa = PBXFileReference; lastKnownFileType = sourcecode.swift; path = TabBarVC.swift; sourceTree = "<group>"; };
		6003175523DB622700674E8C /* HomeVC.swift */ = {isa = PBXFileReference; lastKnownFileType = sourcecode.swift; path = HomeVC.swift; sourceTree = "<group>"; };
		6003175723DB67AB00674E8C /* PostCell.swift */ = {isa = PBXFileReference; lastKnownFileType = sourcecode.swift; path = PostCell.swift; sourceTree = "<group>"; };
		6003175A23DC159900674E8C /* AddPostVC.swift */ = {isa = PBXFileReference; lastKnownFileType = sourcecode.swift; path = AddPostVC.swift; sourceTree = "<group>"; };
		6003175C23DC15CF00674E8C /* CategoryCell.swift */ = {isa = PBXFileReference; lastKnownFileType = sourcecode.swift; path = CategoryCell.swift; sourceTree = "<group>"; };
		6003175F23DC2F9300674E8C /* MyAuctionVC.swift */ = {isa = PBXFileReference; lastKnownFileType = sourcecode.swift; path = MyAuctionVC.swift; sourceTree = "<group>"; };
		6003176D23EDE22A00674E8C /* AuctionCell.swift */ = {isa = PBXFileReference; lastKnownFileType = sourcecode.swift; path = AuctionCell.swift; sourceTree = "<group>"; };
		6011D586241ABC0A00477554 /* en */ = {isa = PBXFileReference; lastKnownFileType = text.plist.strings; name = en; path = en.lproj/Localizable.strings; sourceTree = "<group>"; };
		6011D588241ABC1000477554 /* fa-IR */ = {isa = PBXFileReference; lastKnownFileType = text.plist.strings; name = "fa-IR"; path = "fa-IR.lproj/Localizable.strings"; sourceTree = "<group>"; };
		6011D58A241AC04A00477554 /* LanguageManger.swift */ = {isa = PBXFileReference; fileEncoding = 4; lastKnownFileType = sourcecode.swift; path = LanguageManger.swift; sourceTree = "<group>"; };
		6011D58E241BC82900477554 /* LocalizedTextField.swift */ = {isa = PBXFileReference; lastKnownFileType = sourcecode.swift; path = LocalizedTextField.swift; sourceTree = "<group>"; };
		6011D597241D12DA00477554 /* fa-IR */ = {isa = PBXFileReference; lastKnownFileType = text.plist.strings; name = "fa-IR"; path = "fa-IR.lproj/Home.strings"; sourceTree = "<group>"; };
		6011D598241D249F00477554 /* LocalizedButton.swift */ = {isa = PBXFileReference; lastKnownFileType = sourcecode.swift; path = LocalizedButton.swift; sourceTree = "<group>"; };
		6011D59A241D2B4200477554 /* UserLanguage.swift */ = {isa = PBXFileReference; lastKnownFileType = sourcecode.swift; path = UserLanguage.swift; sourceTree = "<group>"; };
		6011D59C241E0CA300477554 /* LocalizedTF.swift */ = {isa = PBXFileReference; lastKnownFileType = sourcecode.swift; path = LocalizedTF.swift; sourceTree = "<group>"; };
		602ACAAE241ABAE0002D0886 /* Base */ = {isa = PBXFileReference; lastKnownFileType = file.storyboard; name = Base; path = Base.lproj/Home.storyboard; sourceTree = "<group>"; };
		602ACAB1241ABAEA002D0886 /* Base */ = {isa = PBXFileReference; lastKnownFileType = file.storyboard; name = Base; path = Base.lproj/Main.storyboard; sourceTree = "<group>"; };
		602ACAB4241ABB7C002D0886 /* fa-IR */ = {isa = PBXFileReference; lastKnownFileType = text.plist.strings; name = "fa-IR"; path = "fa-IR.lproj/Main.strings"; sourceTree = "<group>"; };
		602ACAB5241ABB7C002D0886 /* fa-IR */ = {isa = PBXFileReference; lastKnownFileType = text.plist.strings; name = "fa-IR"; path = "fa-IR.lproj/LaunchScreen.strings"; sourceTree = "<group>"; };
		602FEEA824063313000CBDE1 /* ProductDetailVC.swift */ = {isa = PBXFileReference; lastKnownFileType = sourcecode.swift; path = ProductDetailVC.swift; sourceTree = "<group>"; };
		602FEEAA2406332B000CBDE1 /* SellerProfileVC.swift */ = {isa = PBXFileReference; lastKnownFileType = sourcecode.swift; path = SellerProfileVC.swift; sourceTree = "<group>"; };
		602FEEAC24063340000CBDE1 /* EditProfileVC.swift */ = {isa = PBXFileReference; lastKnownFileType = sourcecode.swift; path = EditProfileVC.swift; sourceTree = "<group>"; };
		602FEEAE240634CB000CBDE1 /* ProductImageCell.swift */ = {isa = PBXFileReference; lastKnownFileType = sourcecode.swift; path = ProductImageCell.swift; sourceTree = "<group>"; };
		602FEEB02406F06B000CBDE1 /* SizeCell.swift */ = {isa = PBXFileReference; lastKnownFileType = sourcecode.swift; path = SizeCell.swift; sourceTree = "<group>"; };
		6030223D240AE8FB00FFDF53 /* ChangePasswordVC.swift */ = {isa = PBXFileReference; lastKnownFileType = sourcecode.swift; path = ChangePasswordVC.swift; sourceTree = "<group>"; };
		6030223F240AE90D00FFDF53 /* TermsPrivacyVC.swift */ = {isa = PBXFileReference; lastKnownFileType = sourcecode.swift; path = TermsPrivacyVC.swift; sourceTree = "<group>"; };
		60302241240AE91E00FFDF53 /* ReportVC.swift */ = {isa = PBXFileReference; lastKnownFileType = sourcecode.swift; path = ReportVC.swift; sourceTree = "<group>"; };
		60302243240AEDF800FFDF53 /* ForgotPasswordVC.swift */ = {isa = PBXFileReference; lastKnownFileType = sourcecode.swift; path = ForgotPasswordVC.swift; sourceTree = "<group>"; };
		60302245240AEE0B00FFDF53 /* NewPasswordVC.swift */ = {isa = PBXFileReference; lastKnownFileType = sourcecode.swift; path = NewPasswordVC.swift; sourceTree = "<group>"; };
		60302247240BB49100FFDF53 /* NotificationVC.swift */ = {isa = PBXFileReference; lastKnownFileType = sourcecode.swift; path = NotificationVC.swift; sourceTree = "<group>"; };
		60302249240BB7B500FFDF53 /* NotificationCell.swift */ = {isa = PBXFileReference; lastKnownFileType = sourcecode.swift; path = NotificationCell.swift; sourceTree = "<group>"; };
		6030224B240C3BB100FFDF53 /* ReviewCell.swift */ = {isa = PBXFileReference; lastKnownFileType = sourcecode.swift; path = ReviewCell.swift; sourceTree = "<group>"; };
		6030224D240EDFCA00FFDF53 /* FilterVC.swift */ = {isa = PBXFileReference; lastKnownFileType = sourcecode.swift; path = FilterVC.swift; sourceTree = "<group>"; };
		6030224F240EE7DB00FFDF53 /* FilterCell.swift */ = {isa = PBXFileReference; lastKnownFileType = sourcecode.swift; path = FilterCell.swift; sourceTree = "<group>"; };
		60C2E88723EDEC61003D0D28 /* ProfileVC.swift */ = {isa = PBXFileReference; lastKnownFileType = sourcecode.swift; path = ProfileVC.swift; sourceTree = "<group>"; };
		60C2E88923EDEC77003D0D28 /* SettingVC.swift */ = {isa = PBXFileReference; lastKnownFileType = sourcecode.swift; path = SettingVC.swift; sourceTree = "<group>"; };
		60C2E88B23EDECDC003D0D28 /* SettingCell.swift */ = {isa = PBXFileReference; lastKnownFileType = sourcecode.swift; path = SettingCell.swift; sourceTree = "<group>"; };
		954C8BC7CD86EF169587BA73 /* Pods-Repoush.release.xcconfig */ = {isa = PBXFileReference; includeInIndex = 1; lastKnownFileType = text.xcconfig; name = "Pods-Repoush.release.xcconfig"; path = "Target Support Files/Pods-Repoush/Pods-Repoush.release.xcconfig"; sourceTree = "<group>"; };
		B7288D1C24096F0000470420 /* AllBidVC.swift */ = {isa = PBXFileReference; lastKnownFileType = sourcecode.swift; path = AllBidVC.swift; sourceTree = "<group>"; };
		B7288D1E2409703100470420 /* AllBidCell.swift */ = {isa = PBXFileReference; lastKnownFileType = sourcecode.swift; path = AllBidCell.swift; sourceTree = "<group>"; };
		F3AA6E088EB40A76BA7E902E /* Pods-Repoush.debug.xcconfig */ = {isa = PBXFileReference; includeInIndex = 1; lastKnownFileType = text.xcconfig; name = "Pods-Repoush.debug.xcconfig"; path = "Target Support Files/Pods-Repoush/Pods-Repoush.debug.xcconfig"; sourceTree = "<group>"; };
/* End PBXFileReference section */

/* Begin PBXFrameworksBuildPhase section */
		600316D923D8C01000674E8C /* Frameworks */ = {
			isa = PBXFrameworksBuildPhase;
			buildActionMask = 2147483647;
			files = (
				3C350BB404E36B8E787A5B6F /* Pods_Repoush.framework in Frameworks */,
			);
			runOnlyForDeploymentPostprocessing = 0;
		};
/* End PBXFrameworksBuildPhase section */

/* Begin PBXGroup section */
		351C8FEB74E1A9097A485A3A /* Pods */ = {
			isa = PBXGroup;
			children = (
				F3AA6E088EB40A76BA7E902E /* Pods-Repoush.debug.xcconfig */,
				954C8BC7CD86EF169587BA73 /* Pods-Repoush.release.xcconfig */,
			);
			path = Pods;
			sourceTree = "<group>";
		};
		600316D323D8C01000674E8C = {
			isa = PBXGroup;
			children = (
				600316DE23D8C01000674E8C /* Repoush */,
				600316DD23D8C01000674E8C /* Products */,
				351C8FEB74E1A9097A485A3A /* Pods */,
				7918313827F976483CFA69FD /* Frameworks */,
			);
			sourceTree = "<group>";
		};
		600316DD23D8C01000674E8C /* Products */ = {
			isa = PBXGroup;
			children = (
				600316DC23D8C01000674E8C /* Repoush.app */,
			);
			name = Products;
			sourceTree = "<group>";
		};
		600316DE23D8C01000674E8C /* Repoush */ = {
			isa = PBXGroup;
			children = (
				600316F123D8C18600674E8C /* Classes */,
				600316FD23D8C18600674E8C /* Misc */,
				6003171823D8C18600674E8C /* Resource */,
				600316E623D8C01200674E8C /* Assets.xcassets */,
				602ACAAD241ABAE0002D0886 /* Home.storyboard */,
				602ACAB0241ABAEA002D0886 /* Main.storyboard */,
				600316E823D8C01200674E8C /* LaunchScreen.storyboard */,
				600316EB23D8C01200674E8C /* Info.plist */,
				6011D587241ABC0A00477554 /* Localizable.strings */,
			);
			path = Repoush;
			sourceTree = "<group>";
		};
		600316F123D8C18600674E8C /* Classes */ = {
			isa = PBXGroup;
			children = (
				600316F223D8C18600674E8C /* DataBase */,
				600316F323D8C18600674E8C /* Networking */,
				600316F623D8C18600674E8C /* Model */,
				600316F823D8C18600674E8C /* View */,
				600316FB23D8C18600674E8C /* Controllers */,
			);
			path = Classes;
			sourceTree = "<group>";
		};
		600316F223D8C18600674E8C /* DataBase */ = {
			isa = PBXGroup;
			children = (
			);
			path = DataBase;
			sourceTree = "<group>";
		};
		600316F323D8C18600674E8C /* Networking */ = {
			isa = PBXGroup;
			children = (
				600316F423D8C18600674E8C /* ApiConstants.swift */,
				600316F523D8C18600674E8C /* Networking.swift */,
			);
			path = Networking;
			sourceTree = "<group>";
		};
		600316F623D8C18600674E8C /* Model */ = {
			isa = PBXGroup;
			children = (
				600316F723D8C18600674E8C /* LoggedInUser.swift */,
				6011D59A241D2B4200477554 /* UserLanguage.swift */,
			);
			path = Model;
			sourceTree = "<group>";
		};
		600316F823D8C18600674E8C /* View */ = {
			isa = PBXGroup;
			children = (
				600316F923D8C18600674E8C /* CustomeView */,
				600316FA23D8C18600674E8C /* Cell */,
			);
			path = View;
			sourceTree = "<group>";
		};
		600316F923D8C18600674E8C /* CustomeView */ = {
			isa = PBXGroup;
			children = (
			);
			path = CustomeView;
			sourceTree = "<group>";
		};
		600316FA23D8C18600674E8C /* Cell */ = {
			isa = PBXGroup;
			children = (
				6003175723DB67AB00674E8C /* PostCell.swift */,
				6003175C23DC15CF00674E8C /* CategoryCell.swift */,
				602FEEAE240634CB000CBDE1 /* ProductImageCell.swift */,
				6003176D23EDE22A00674E8C /* AuctionCell.swift */,
				60C2E88B23EDECDC003D0D28 /* SettingCell.swift */,
				602FEEB02406F06B000CBDE1 /* SizeCell.swift */,
				B7288D1E2409703100470420 /* AllBidCell.swift */,
				60302249240BB7B500FFDF53 /* NotificationCell.swift */,
				6030224B240C3BB100FFDF53 /* ReviewCell.swift */,
				6030224F240EE7DB00FFDF53 /* FilterCell.swift */,
			);
			path = Cell;
			sourceTree = "<group>";
		};
		600316FB23D8C18600674E8C /* Controllers */ = {
			isa = PBXGroup;
			children = (
				600316FC23D8C18600674E8C /* AppDelegate.swift */,
				6003174523D8C24800674E8C /* Splash */,
				6003174423D8C24800674E8C /* Welcome */,
				6003174623D8C24800674E8C /* LoginSignUp */,
				6003175023DA0FE100674E8C /* Tabbar */,
				6003174F23DA0FE100674E8C /* Home */,
				6003175923DC157600674E8C /* AddPost */,
				6003175E23DC2F8000674E8C /* MyAuction */,
				60C2E88523EDE802003D0D28 /* Profile */,
				60C2E88623EDE802003D0D28 /* Setting */,
				B7288D1B24096EF100470420 /* Bid */,
			);
			path = Controllers;
			sourceTree = "<group>";
		};
		600316FD23D8C18600674E8C /* Misc */ = {
			isa = PBXGroup;
			children = (
				600316FE23D8C18600674E8C /* Util */,
				6003170023D8C18600674E8C /* Subclasses */,
				6003170723D8C18600674E8C /* HeaderFiles */,
				6003170823D8C18600674E8C /* Extensions */,
				6003170E23D8C18600674E8C /* Constant */,
				6003171023D8C18600674E8C /* 3rdParty */,
			);
			path = Misc;
			sourceTree = "<group>";
		};
		600316FE23D8C18600674E8C /* Util */ = {
			isa = PBXGroup;
			children = (
				600316FF23D8C18600674E8C /* Util.swift */,
			);
			path = Util;
			sourceTree = "<group>";
		};
		6003170023D8C18600674E8C /* Subclasses */ = {
			isa = PBXGroup;
			children = (
				6003170123D8C18600674E8C /* CustomView.swift */,
				6003170223D8C18600674E8C /* CustomButton.swift */,
				6011D598241D249F00477554 /* LocalizedButton.swift */,
				6011D58E241BC82900477554 /* LocalizedTextField.swift */,
				6011D59C241E0CA300477554 /* LocalizedTF.swift */,
				6003170323D8C18600674E8C /* CustomTextField.swift */,
				6003170423D8C18600674E8C /* CustomImageView.swift */,
				6003170523D8C18600674E8C /* CustomTextview.swift */,
				6003170623D8C18600674E8C /* CustomLabel.swift */,
			);
			path = Subclasses;
			sourceTree = "<group>";
		};
		6003170723D8C18600674E8C /* HeaderFiles */ = {
			isa = PBXGroup;
			children = (
				6003174323D8C1D800674E8C /* Repoush-Bridging-Header.h */,
			);
			path = HeaderFiles;
			sourceTree = "<group>";
		};
		6003170823D8C18600674E8C /* Extensions */ = {
			isa = PBXGroup;
			children = (
				6003170923D8C18600674E8C /* ButtonDynamicText.swift */,
				6003170A23D8C18600674E8C /* LabelDynamicText.swift */,
				6003170B23D8C18600674E8C /* DeviceType.swift */,
				6003170C23D8C18600674E8C /* TextFieldDynamicText.swift */,
				6003170D23D8C18600674E8C /* Custom+UIView.swift */,
			);
			path = Extensions;
			sourceTree = "<group>";
		};
		6003170E23D8C18600674E8C /* Constant */ = {
			isa = PBXGroup;
			children = (
				6003170F23D8C18600674E8C /* Constant.swift */,
			);
			path = Constant;
			sourceTree = "<group>";
		};
		6003171023D8C18600674E8C /* 3rdParty */ = {
			isa = PBXGroup;
			children = (
				6011D589241AC04A00477554 /* LanguageManger */,
				6003171123D8C18600674E8C /* Loader */,
			);
			path = 3rdParty;
			sourceTree = "<group>";
		};
		6003171123D8C18600674E8C /* Loader */ = {
			isa = PBXGroup;
			children = (
				6003171223D8C18600674E8C /* Loading */,
				6003171423D8C18600674E8C /* STLoadingGroup.swift */,
				6003171523D8C18600674E8C /* STLoadingable.swift */,
			);
			path = Loader;
			sourceTree = "<group>";
		};
		6003171223D8C18600674E8C /* Loading */ = {
			isa = PBXGroup;
			children = (
				6003171323D8C18600674E8C /* STSubmitLoading.swift */,
			);
			path = Loading;
			sourceTree = "<group>";
		};
		6003171823D8C18600674E8C /* Resource */ = {
			isa = PBXGroup;
			children = (
				6003171923D8C18600674E8C /* Font */,
			);
			path = Resource;
			sourceTree = "<group>";
		};
		6003171923D8C18600674E8C /* Font */ = {
			isa = PBXGroup;
			children = (
				6003171A23D8C18600674E8C /* Montserrat-Medium.ttf */,
				6003171B23D8C18600674E8C /* Montserrat-BoldItalic.ttf */,
				6003171C23D8C18600674E8C /* Montserrat-Light.ttf */,
				6003171D23D8C18600674E8C /* Montserrat-ExtraLight.ttf */,
				6003171E23D8C18600674E8C /* Montserrat-Thin.ttf */,
				6003171F23D8C18600674E8C /* Montserrat-Bold.ttf */,
				6003172023D8C18600674E8C /* Montserrat-SemiBold.ttf */,
				6003172123D8C18600674E8C /* Montserrat-ExtraBold.ttf */,
				6003172223D8C18600674E8C /* Montserrat-Black.ttf */,
				6003172323D8C18600674E8C /* Montserrat-Regular.ttf */,
			);
			path = Font;
			sourceTree = "<group>";
		};
		6003174423D8C24800674E8C /* Welcome */ = {
			isa = PBXGroup;
			children = (
				6003174923D8C4A300674E8C /* WelcomeVC.swift */,
			);
			path = Welcome;
			sourceTree = "<group>";
		};
		6003174523D8C24800674E8C /* Splash */ = {
			isa = PBXGroup;
			children = (
				6003174723D8C48C00674E8C /* SplashVC.swift */,
			);
			path = Splash;
			sourceTree = "<group>";
		};
		6003174623D8C24800674E8C /* LoginSignUp */ = {
			isa = PBXGroup;
			children = (
				6003174B23D9FD2300674E8C /* SignUpVC.swift */,
				6003174D23D9FD3700674E8C /* LoginVC.swift */,
				60302243240AEDF800FFDF53 /* ForgotPasswordVC.swift */,
				60302245240AEE0B00FFDF53 /* NewPasswordVC.swift */,
			);
			path = LoginSignUp;
			sourceTree = "<group>";
		};
		6003174F23DA0FE100674E8C /* Home */ = {
			isa = PBXGroup;
			children = (
				6003175523DB622700674E8C /* HomeVC.swift */,
				6030224D240EDFCA00FFDF53 /* FilterVC.swift */,
				602FEEA824063313000CBDE1 /* ProductDetailVC.swift */,
			);
			path = Home;
			sourceTree = "<group>";
		};
		6003175023DA0FE100674E8C /* Tabbar */ = {
			isa = PBXGroup;
			children = (
				6003175123DB542D00674E8C /* TabBarVC.swift */,
			);
			path = Tabbar;
			sourceTree = "<group>";
		};
		6003175923DC157600674E8C /* AddPost */ = {
			isa = PBXGroup;
			children = (
				6003175A23DC159900674E8C /* AddPostVC.swift */,
			);
			path = AddPost;
			sourceTree = "<group>";
		};
		6003175E23DC2F8000674E8C /* MyAuction */ = {
			isa = PBXGroup;
			children = (
				6003175F23DC2F9300674E8C /* MyAuctionVC.swift */,
			);
			path = MyAuction;
			sourceTree = "<group>";
		};
		6011D589241AC04A00477554 /* LanguageManger */ = {
			isa = PBXGroup;
			children = (
				6011D58A241AC04A00477554 /* LanguageManger.swift */,
			);
			path = LanguageManger;
			sourceTree = "<group>";
		};
		60C2E88523EDE802003D0D28 /* Profile */ = {
			isa = PBXGroup;
			children = (
				60C2E88723EDEC61003D0D28 /* ProfileVC.swift */,
				602FEEAC24063340000CBDE1 /* EditProfileVC.swift */,
				602FEEAA2406332B000CBDE1 /* SellerProfileVC.swift */,
			);
			path = Profile;
			sourceTree = "<group>";
		};
		60C2E88623EDE802003D0D28 /* Setting */ = {
			isa = PBXGroup;
			children = (
				60C2E88923EDEC77003D0D28 /* SettingVC.swift */,
				6030223D240AE8FB00FFDF53 /* ChangePasswordVC.swift */,
				6030223F240AE90D00FFDF53 /* TermsPrivacyVC.swift */,
				60302241240AE91E00FFDF53 /* ReportVC.swift */,
				60302247240BB49100FFDF53 /* NotificationVC.swift */,
			);
			path = Setting;
			sourceTree = "<group>";
		};
		7918313827F976483CFA69FD /* Frameworks */ = {
			isa = PBXGroup;
			children = (
				1675C8E0B3B284620C8FED5F /* Pods_Repoush.framework */,
			);
			name = Frameworks;
			sourceTree = "<group>";
		};
		B7288D1B24096EF100470420 /* Bid */ = {
			isa = PBXGroup;
			children = (
				B7288D1C24096F0000470420 /* AllBidVC.swift */,
			);
			path = Bid;
			sourceTree = "<group>";
		};
/* End PBXGroup section */

/* Begin PBXNativeTarget section */
		600316DB23D8C01000674E8C /* Repoush */ = {
			isa = PBXNativeTarget;
			buildConfigurationList = 600316EE23D8C01200674E8C /* Build configuration list for PBXNativeTarget "Repoush" */;
			buildPhases = (
				5E58AB4B28C9B64F8ABEFAEE /* [CP] Check Pods Manifest.lock */,
				600316D823D8C01000674E8C /* Sources */,
				600316D923D8C01000674E8C /* Frameworks */,
				600316DA23D8C01000674E8C /* Resources */,
				0604AC97D664650118CB0418 /* [CP] Embed Pods Frameworks */,
				99A67EB0F4E13ACCBE298A9D /* [CP] Copy Pods Resources */,
			);
			buildRules = (
			);
			dependencies = (
			);
			name = Repoush;
			productName = Repoush;
			productReference = 600316DC23D8C01000674E8C /* Repoush.app */;
			productType = "com.apple.product-type.application";
		};
/* End PBXNativeTarget section */

/* Begin PBXProject section */
		600316D423D8C01000674E8C /* Project object */ = {
			isa = PBXProject;
			attributes = {
				LastSwiftUpdateCheck = 1020;
				LastUpgradeCheck = 1020;
				ORGANIZATIONNAME = "Ravi Sendhav";
				TargetAttributes = {
					600316DB23D8C01000674E8C = {
						CreatedOnToolsVersion = 10.2;
					};
				};
			};
			buildConfigurationList = 600316D723D8C01000674E8C /* Build configuration list for PBXProject "Repoush" */;
			compatibilityVersion = "Xcode 9.3";
			developmentRegion = en;
			hasScannedForEncodings = 0;
			knownRegions = (
				en,
				Base,
				"fa-IR",
			);
			mainGroup = 600316D323D8C01000674E8C;
			productRefGroup = 600316DD23D8C01000674E8C /* Products */;
			projectDirPath = "";
			projectRoot = "";
			targets = (
				600316DB23D8C01000674E8C /* Repoush */,
			);
		};
/* End PBXProject section */

/* Begin PBXResourcesBuildPhase section */
		600316DA23D8C01000674E8C /* Resources */ = {
			isa = PBXResourcesBuildPhase;
			buildActionMask = 2147483647;
			files = (
				6003173B23D8C18700674E8C /* Montserrat-Light.ttf in Resources */,
				600316EA23D8C01200674E8C /* LaunchScreen.storyboard in Resources */,
				602ACAAF241ABAE0002D0886 /* Home.storyboard in Resources */,
				6003173C23D8C18700674E8C /* Montserrat-ExtraLight.ttf in Resources */,
				6003173F23D8C18700674E8C /* Montserrat-SemiBold.ttf in Resources */,
				6003174123D8C18700674E8C /* Montserrat-Black.ttf in Resources */,
				6003174223D8C18700674E8C /* Montserrat-Regular.ttf in Resources */,
				602ACAB2241ABAEB002D0886 /* Main.storyboard in Resources */,
				6003173923D8C18700674E8C /* Montserrat-Medium.ttf in Resources */,
				6003173E23D8C18700674E8C /* Montserrat-Bold.ttf in Resources */,
				6011D585241ABC0A00477554 /* Localizable.strings in Resources */,
				6003173A23D8C18700674E8C /* Montserrat-BoldItalic.ttf in Resources */,
				6003174023D8C18700674E8C /* Montserrat-ExtraBold.ttf in Resources */,
				6003173D23D8C18700674E8C /* Montserrat-Thin.ttf in Resources */,
				600316E723D8C01200674E8C /* Assets.xcassets in Resources */,
			);
			runOnlyForDeploymentPostprocessing = 0;
		};
/* End PBXResourcesBuildPhase section */

/* Begin PBXShellScriptBuildPhase section */
		0604AC97D664650118CB0418 /* [CP] Embed Pods Frameworks */ = {
			isa = PBXShellScriptBuildPhase;
			buildActionMask = 2147483647;
			files = (
			);
			inputFileListPaths = (
				"${PODS_ROOT}/Target Support Files/Pods-Repoush/Pods-Repoush-frameworks-${CONFIGURATION}-input-files.xcfilelist",
			);
			name = "[CP] Embed Pods Frameworks";
			outputFileListPaths = (
				"${PODS_ROOT}/Target Support Files/Pods-Repoush/Pods-Repoush-frameworks-${CONFIGURATION}-output-files.xcfilelist",
			);
			runOnlyForDeploymentPostprocessing = 0;
			shellPath = /bin/sh;
			shellScript = "\"${PODS_ROOT}/Target Support Files/Pods-Repoush/Pods-Repoush-frameworks.sh\"\n";
			showEnvVarsInLog = 0;
		};
		5E58AB4B28C9B64F8ABEFAEE /* [CP] Check Pods Manifest.lock */ = {
			isa = PBXShellScriptBuildPhase;
			buildActionMask = 2147483647;
			files = (
			);
			inputFileListPaths = (
			);
			inputPaths = (
				"${PODS_PODFILE_DIR_PATH}/Podfile.lock",
				"${PODS_ROOT}/Manifest.lock",
			);
			name = "[CP] Check Pods Manifest.lock";
			outputFileListPaths = (
			);
			outputPaths = (
				"$(DERIVED_FILE_DIR)/Pods-Repoush-checkManifestLockResult.txt",
			);
			runOnlyForDeploymentPostprocessing = 0;
			shellPath = /bin/sh;
			shellScript = "diff \"${PODS_PODFILE_DIR_PATH}/Podfile.lock\" \"${PODS_ROOT}/Manifest.lock\" > /dev/null\nif [ $? != 0 ] ; then\n    # print error to STDERR\n    echo \"error: The sandbox is not in sync with the Podfile.lock. Run 'pod install' or update your CocoaPods installation.\" >&2\n    exit 1\nfi\n# This output is used by Xcode 'outputs' to avoid re-running this script phase.\necho \"SUCCESS\" > \"${SCRIPT_OUTPUT_FILE_0}\"\n";
			showEnvVarsInLog = 0;
		};
		99A67EB0F4E13ACCBE298A9D /* [CP] Copy Pods Resources */ = {
			isa = PBXShellScriptBuildPhase;
			buildActionMask = 2147483647;
			files = (
			);
			inputFileListPaths = (
				"${PODS_ROOT}/Target Support Files/Pods-Repoush/Pods-Repoush-resources-${CONFIGURATION}-input-files.xcfilelist",
			);
			name = "[CP] Copy Pods Resources";
			outputFileListPaths = (
				"${PODS_ROOT}/Target Support Files/Pods-Repoush/Pods-Repoush-resources-${CONFIGURATION}-output-files.xcfilelist",
			);
			runOnlyForDeploymentPostprocessing = 0;
			shellPath = /bin/sh;
			shellScript = "\"${PODS_ROOT}/Target Support Files/Pods-Repoush/Pods-Repoush-resources.sh\"\n";
			showEnvVarsInLog = 0;
		};
/* End PBXShellScriptBuildPhase section */

/* Begin PBXSourcesBuildPhase section */
		600316D823D8C01000674E8C /* Sources */ = {
			isa = PBXSourcesBuildPhase;
			buildActionMask = 2147483647;
			files = (
				60C2E88C23EDECDC003D0D28 /* SettingCell.swift in Sources */,
				6003172F23D8C18700674E8C /* ButtonDynamicText.swift in Sources */,
				60302248240BB49100FFDF53 /* NotificationVC.swift in Sources */,
				6003173423D8C18700674E8C /* Constant.swift in Sources */,
				6003176023DC2F9300674E8C /* MyAuctionVC.swift in Sources */,
				60302240240AE90D00FFDF53 /* TermsPrivacyVC.swift in Sources */,
				6003174E23D9FD3700674E8C /* LoginVC.swift in Sources */,
				602FEEAD24063340000CBDE1 /* EditProfileVC.swift in Sources */,
				6003172723D8C18600674E8C /* AppDelegate.swift in Sources */,
				602FEEA924063313000CBDE1 /* ProductDetailVC.swift in Sources */,
				6030224E240EDFCA00FFDF53 /* FilterVC.swift in Sources */,
				6003173523D8C18700674E8C /* STSubmitLoading.swift in Sources */,
				6003175823DB67AB00674E8C /* PostCell.swift in Sources */,
				6011D599241D249F00477554 /* LocalizedButton.swift in Sources */,
				60C2E88A23EDEC77003D0D28 /* SettingVC.swift in Sources */,
				6030224C240C3BB100FFDF53 /* ReviewCell.swift in Sources */,
				6003172C23D8C18700674E8C /* CustomImageView.swift in Sources */,
				6003173123D8C18700674E8C /* DeviceType.swift in Sources */,
				6011D58B241AC04A00477554 /* LanguageManger.swift in Sources */,
				60302244240AEDF800FFDF53 /* ForgotPasswordVC.swift in Sources */,
				6003175223DB542D00674E8C /* TabBarVC.swift in Sources */,
				60302250240EE7DB00FFDF53 /* FilterCell.swift in Sources */,
				602FEEAB2406332B000CBDE1 /* SellerProfileVC.swift in Sources */,
				6003173023D8C18700674E8C /* LabelDynamicText.swift in Sources */,
				6003172E23D8C18700674E8C /* CustomLabel.swift in Sources */,
				6003172423D8C18600674E8C /* ApiConstants.swift in Sources */,
				6003174A23D8C4A300674E8C /* WelcomeVC.swift in Sources */,
				6003172823D8C18600674E8C /* Util.swift in Sources */,
				6011D58F241BC82900477554 /* LocalizedTextField.swift in Sources */,
				6003175B23DC159900674E8C /* AddPostVC.swift in Sources */,
				6003172923D8C18600674E8C /* CustomView.swift in Sources */,
				6003175D23DC15CF00674E8C /* CategoryCell.swift in Sources */,
				6003172B23D8C18700674E8C /* CustomTextField.swift in Sources */,
				60302246240AEE0B00FFDF53 /* NewPasswordVC.swift in Sources */,
				6003174C23D9FD2300674E8C /* SignUpVC.swift in Sources */,
				60C2E88823EDEC61003D0D28 /* ProfileVC.swift in Sources */,
				6003172D23D8C18700674E8C /* CustomTextview.swift in Sources */,
				6011D59D241E0CA300477554 /* LocalizedTF.swift in Sources */,
				6003175623DB622700674E8C /* HomeVC.swift in Sources */,
				6003172A23D8C18600674E8C /* CustomButton.swift in Sources */,
				6003173223D8C18700674E8C /* TextFieldDynamicText.swift in Sources */,
				6003173323D8C18700674E8C /* Custom+UIView.swift in Sources */,
				6003173623D8C18700674E8C /* STLoadingGroup.swift in Sources */,
				6003172523D8C18600674E8C /* Networking.swift in Sources */,
				B7288D1F2409703100470420 /* AllBidCell.swift in Sources */,
				6011D59B241D2B4200477554 /* UserLanguage.swift in Sources */,
				6003172623D8C18600674E8C /* LoggedInUser.swift in Sources */,
				6030223E240AE8FB00FFDF53 /* ChangePasswordVC.swift in Sources */,
				6030224A240BB7B500FFDF53 /* NotificationCell.swift in Sources */,
				B7288D1D24096F0000470420 /* AllBidVC.swift in Sources */,
				60302242240AE91E00FFDF53 /* ReportVC.swift in Sources */,
				602FEEB12406F06B000CBDE1 /* SizeCell.swift in Sources */,
				6003176E23EDE22A00674E8C /* AuctionCell.swift in Sources */,
				6003173723D8C18700674E8C /* STLoadingable.swift in Sources */,
				6003174823D8C48C00674E8C /* SplashVC.swift in Sources */,
				602FEEAF240634CB000CBDE1 /* ProductImageCell.swift in Sources */,
			);
			runOnlyForDeploymentPostprocessing = 0;
		};
/* End PBXSourcesBuildPhase section */

/* Begin PBXVariantGroup section */
		600316E823D8C01200674E8C /* LaunchScreen.storyboard */ = {
			isa = PBXVariantGroup;
			children = (
				600316E923D8C01200674E8C /* Base */,
				602ACAB5241ABB7C002D0886 /* fa-IR */,
			);
			name = LaunchScreen.storyboard;
			sourceTree = "<group>";
		};
		6011D587241ABC0A00477554 /* Localizable.strings */ = {
			isa = PBXVariantGroup;
			children = (
				6011D586241ABC0A00477554 /* en */,
				6011D588241ABC1000477554 /* fa-IR */,
			);
			name = Localizable.strings;
			sourceTree = "<group>";
		};
		602ACAAD241ABAE0002D0886 /* Home.storyboard */ = {
			isa = PBXVariantGroup;
			children = (
				602ACAAE241ABAE0002D0886 /* Base */,
				6011D597241D12DA00477554 /* fa-IR */,
			);
			name = Home.storyboard;
			sourceTree = "<group>";
		};
		602ACAB0241ABAEA002D0886 /* Main.storyboard */ = {
			isa = PBXVariantGroup;
			children = (
				602ACAB1241ABAEA002D0886 /* Base */,
				602ACAB4241ABB7C002D0886 /* fa-IR */,
			);
			name = Main.storyboard;
			sourceTree = "<group>";
		};
/* End PBXVariantGroup section */

/* Begin XCBuildConfiguration section */
		600316EC23D8C01200674E8C /* Debug */ = {
			isa = XCBuildConfiguration;
			buildSettings = {
				ALWAYS_SEARCH_USER_PATHS = NO;
				CLANG_ANALYZER_LOCALIZABILITY_NONLOCALIZED = YES;
				CLANG_ANALYZER_NONNULL = YES;
				CLANG_ANALYZER_NUMBER_OBJECT_CONVERSION = YES_AGGRESSIVE;
				CLANG_CXX_LANGUAGE_STANDARD = "gnu++14";
				CLANG_CXX_LIBRARY = "libc++";
				CLANG_ENABLE_MODULES = YES;
				CLANG_ENABLE_OBJC_ARC = YES;
				CLANG_ENABLE_OBJC_WEAK = YES;
				CLANG_WARN_BLOCK_CAPTURE_AUTORELEASING = YES;
				CLANG_WARN_BOOL_CONVERSION = YES;
				CLANG_WARN_COMMA = YES;
				CLANG_WARN_CONSTANT_CONVERSION = YES;
				CLANG_WARN_DEPRECATED_OBJC_IMPLEMENTATIONS = YES;
				CLANG_WARN_DIRECT_OBJC_ISA_USAGE = YES_ERROR;
				CLANG_WARN_DOCUMENTATION_COMMENTS = YES;
				CLANG_WARN_EMPTY_BODY = YES;
				CLANG_WARN_ENUM_CONVERSION = YES;
				CLANG_WARN_INFINITE_RECURSION = YES;
				CLANG_WARN_INT_CONVERSION = YES;
				CLANG_WARN_NON_LITERAL_NULL_CONVERSION = YES;
				CLANG_WARN_OBJC_IMPLICIT_RETAIN_SELF = YES;
				CLANG_WARN_OBJC_LITERAL_CONVERSION = YES;
				CLANG_WARN_OBJC_ROOT_CLASS = YES_ERROR;
				CLANG_WARN_RANGE_LOOP_ANALYSIS = YES;
				CLANG_WARN_STRICT_PROTOTYPES = YES;
				CLANG_WARN_SUSPICIOUS_MOVE = YES;
				CLANG_WARN_UNGUARDED_AVAILABILITY = YES_AGGRESSIVE;
				CLANG_WARN_UNREACHABLE_CODE = YES;
				CLANG_WARN__DUPLICATE_METHOD_MATCH = YES;
				CODE_SIGN_IDENTITY = "iPhone Developer";
				COPY_PHASE_STRIP = NO;
				DEBUG_INFORMATION_FORMAT = dwarf;
				ENABLE_STRICT_OBJC_MSGSEND = YES;
				ENABLE_TESTABILITY = YES;
				GCC_C_LANGUAGE_STANDARD = gnu11;
				GCC_DYNAMIC_NO_PIC = NO;
				GCC_NO_COMMON_BLOCKS = YES;
				GCC_OPTIMIZATION_LEVEL = 0;
				GCC_PREPROCESSOR_DEFINITIONS = (
					"DEBUG=1",
					"$(inherited)",
				);
				GCC_WARN_64_TO_32_BIT_CONVERSION = YES;
				GCC_WARN_ABOUT_RETURN_TYPE = YES_ERROR;
				GCC_WARN_UNDECLARED_SELECTOR = YES;
				GCC_WARN_UNINITIALIZED_AUTOS = YES_AGGRESSIVE;
				GCC_WARN_UNUSED_FUNCTION = YES;
				GCC_WARN_UNUSED_VARIABLE = YES;
				IPHONEOS_DEPLOYMENT_TARGET = 12.2;
				MTL_ENABLE_DEBUG_INFO = INCLUDE_SOURCE;
				MTL_FAST_MATH = YES;
				ONLY_ACTIVE_ARCH = YES;
				SDKROOT = iphoneos;
				SWIFT_ACTIVE_COMPILATION_CONDITIONS = DEBUG;
				SWIFT_OPTIMIZATION_LEVEL = "-Onone";
			};
			name = Debug;
		};
		600316ED23D8C01200674E8C /* Release */ = {
			isa = XCBuildConfiguration;
			buildSettings = {
				ALWAYS_SEARCH_USER_PATHS = NO;
				CLANG_ANALYZER_LOCALIZABILITY_NONLOCALIZED = YES;
				CLANG_ANALYZER_NONNULL = YES;
				CLANG_ANALYZER_NUMBER_OBJECT_CONVERSION = YES_AGGRESSIVE;
				CLANG_CXX_LANGUAGE_STANDARD = "gnu++14";
				CLANG_CXX_LIBRARY = "libc++";
				CLANG_ENABLE_MODULES = YES;
				CLANG_ENABLE_OBJC_ARC = YES;
				CLANG_ENABLE_OBJC_WEAK = YES;
				CLANG_WARN_BLOCK_CAPTURE_AUTORELEASING = YES;
				CLANG_WARN_BOOL_CONVERSION = YES;
				CLANG_WARN_COMMA = YES;
				CLANG_WARN_CONSTANT_CONVERSION = YES;
				CLANG_WARN_DEPRECATED_OBJC_IMPLEMENTATIONS = YES;
				CLANG_WARN_DIRECT_OBJC_ISA_USAGE = YES_ERROR;
				CLANG_WARN_DOCUMENTATION_COMMENTS = YES;
				CLANG_WARN_EMPTY_BODY = YES;
				CLANG_WARN_ENUM_CONVERSION = YES;
				CLANG_WARN_INFINITE_RECURSION = YES;
				CLANG_WARN_INT_CONVERSION = YES;
				CLANG_WARN_NON_LITERAL_NULL_CONVERSION = YES;
				CLANG_WARN_OBJC_IMPLICIT_RETAIN_SELF = YES;
				CLANG_WARN_OBJC_LITERAL_CONVERSION = YES;
				CLANG_WARN_OBJC_ROOT_CLASS = YES_ERROR;
				CLANG_WARN_RANGE_LOOP_ANALYSIS = YES;
				CLANG_WARN_STRICT_PROTOTYPES = YES;
				CLANG_WARN_SUSPICIOUS_MOVE = YES;
				CLANG_WARN_UNGUARDED_AVAILABILITY = YES_AGGRESSIVE;
				CLANG_WARN_UNREACHABLE_CODE = YES;
				CLANG_WARN__DUPLICATE_METHOD_MATCH = YES;
				CODE_SIGN_IDENTITY = "iPhone Developer";
				COPY_PHASE_STRIP = NO;
				DEBUG_INFORMATION_FORMAT = "dwarf-with-dsym";
				ENABLE_NS_ASSERTIONS = NO;
				ENABLE_STRICT_OBJC_MSGSEND = YES;
				GCC_C_LANGUAGE_STANDARD = gnu11;
				GCC_NO_COMMON_BLOCKS = YES;
				GCC_WARN_64_TO_32_BIT_CONVERSION = YES;
				GCC_WARN_ABOUT_RETURN_TYPE = YES_ERROR;
				GCC_WARN_UNDECLARED_SELECTOR = YES;
				GCC_WARN_UNINITIALIZED_AUTOS = YES_AGGRESSIVE;
				GCC_WARN_UNUSED_FUNCTION = YES;
				GCC_WARN_UNUSED_VARIABLE = YES;
				IPHONEOS_DEPLOYMENT_TARGET = 12.2;
				MTL_ENABLE_DEBUG_INFO = NO;
				MTL_FAST_MATH = YES;
				SDKROOT = iphoneos;
				SWIFT_COMPILATION_MODE = wholemodule;
				SWIFT_OPTIMIZATION_LEVEL = "-O";
				VALIDATE_PRODUCT = YES;
			};
			name = Release;
		};
		600316EF23D8C01200674E8C /* Debug */ = {
			isa = XCBuildConfiguration;
			baseConfigurationReference = F3AA6E088EB40A76BA7E902E /* Pods-Repoush.debug.xcconfig */;
			buildSettings = {
				ASSETCATALOG_COMPILER_APPICON_NAME = AppIcon;
				CODE_SIGN_STYLE = Manual;
				DEVELOPMENT_TEAM = UUDR35Z65H;
				INFOPLIST_FILE = Repoush/Info.plist;
				IPHONEOS_DEPLOYMENT_TARGET = 11.0;
				LD_RUNPATH_SEARCH_PATHS = (
					"$(inherited)",
					"@executable_path/Frameworks",
				);
				PRODUCT_BUNDLE_IDENTIFIER = com.vion.Repoush;
				PRODUCT_NAME = "$(TARGET_NAME)";
				PROVISIONING_PROFILE_SPECIFIER = Repoush_Dev_Profile;
				SWIFT_OBJC_BRIDGING_HEADER = "/Users/ravisendhav/Desktop/Repoush/Repoush/Misc/HeaderFiles/Repoush-Bridging-Header.h";
				SWIFT_VERSION = 5.0;
				TARGETED_DEVICE_FAMILY = "1,2";
			};
			name = Debug;
		};
		600316F023D8C01200674E8C /* Release */ = {
			isa = XCBuildConfiguration;
			baseConfigurationReference = 954C8BC7CD86EF169587BA73 /* Pods-Repoush.release.xcconfig */;
			buildSettings = {
				ASSETCATALOG_COMPILER_APPICON_NAME = AppIcon;
				CODE_SIGN_STYLE = Manual;
				DEVELOPMENT_TEAM = UUDR35Z65H;
				INFOPLIST_FILE = Repoush/Info.plist;
				IPHONEOS_DEPLOYMENT_TARGET = 11.0;
				LD_RUNPATH_SEARCH_PATHS = (
					"$(inherited)",
					"@executable_path/Frameworks",
				);
				PRODUCT_BUNDLE_IDENTIFIER = com.vion.Repoush;
				PRODUCT_NAME = "$(TARGET_NAME)";
				PROVISIONING_PROFILE_SPECIFIER = Repoush_Dev_Profile;
				SWIFT_OBJC_BRIDGING_HEADER = "/Users/ravisendhav/Desktop/Repoush/Repoush/Misc/HeaderFiles/Repoush-Bridging-Header.h";
				SWIFT_VERSION = 5.0;
				TARGETED_DEVICE_FAMILY = "1,2";
			};
			name = Release;
		};
/* End XCBuildConfiguration section */

/* Begin XCConfigurationList section */
		600316D723D8C01000674E8C /* Build configuration list for PBXProject "Repoush" */ = {
			isa = XCConfigurationList;
			buildConfigurations = (
				600316EC23D8C01200674E8C /* Debug */,
				600316ED23D8C01200674E8C /* Release */,
			);
			defaultConfigurationIsVisible = 0;
			defaultConfigurationName = Release;
		};
		600316EE23D8C01200674E8C /* Build configuration list for PBXNativeTarget "Repoush" */ = {
			isa = XCConfigurationList;
			buildConfigurations = (
				600316EF23D8C01200674E8C /* Debug */,
				600316F023D8C01200674E8C /* Release */,
			);
			defaultConfigurationIsVisible = 0;
			defaultConfigurationName = Release;
		};
/* End XCConfigurationList section */
	};
	rootObject = 600316D423D8C01000674E8C /* Project object */;
}
